{
  "version": 4,
  "terraform_version": "1.8.3",
  "serial": 1,
  "lineage": "5112c9e1-e8cc-3394-9052-648429cbcbd9",
  "outputs": {},
  "resources": [
    {
      "mode": "managed",
      "type": "google_storage_bucket",
      "name": "storage",
      "provider": "provider[\"registry.terraform.io/hashicorp/google\"]",
      "instances": [
        {
          "schema_version": 1,
          "attributes": {
            "autoclass": [],
            "cors": [],
            "custom_placement_config": [],
            "default_event_based_hold": false,
            "effective_labels": {
              "env": "stg",
              "iac": "terraform"
            },
            "enable_object_retention": false,
            "encryption": [],
            "force_destroy": false,
            "id": "flow-roll-bucket-stg",
            "labels": {
              "env": "stg",
              "iac": "terraform"
            },
            "lifecycle_rule": [],
            "location": "US-CENTRAL1",
            "logging": [],
            "name": "flow-roll-bucket-stg",
            "project": "flow-roll-424400",
            "project_number": 1029290846220,
            "public_access_prevention": "enforced",
            "requester_pays": false,
            "retention_policy": [],
            "rpo": null,
            "self_link": "https://www.googleapis.com/storage/v1/b/flow-roll-bucket-stg",
            "soft_delete_policy": [
              {
                "effective_time": "2024-05-27T01:29:07.901Z",
                "retention_duration_seconds": 604800
              }
            ],
            "storage_class": "STANDARD",
            "terraform_labels": {
              "env": "stg",
              "iac": "terraform"
            },
            "timeouts": null,
            "uniform_bucket_level_access": false,
            "url": "gs://flow-roll-bucket-stg",
            "versioning": [],
            "website": []
          },
          "sensitive_attributes": [],
          "private": "eyJlMmJmYjczMC1lY2FhLTExZTYtOGY4OC0zNDM2M2JjN2M0YzAiOnsiY3JlYXRlIjo2MDAwMDAwMDAwMDAsInJlYWQiOjI0MDAwMDAwMDAwMCwidXBkYXRlIjoyNDAwMDAwMDAwMDB9LCJzY2hlbWFfdmVyc2lvbiI6IjEifQ=="
        }
      ]
    }
  ],
  "check_results": null
}
